
Microsoft Visual Studio Solution File, Format Version 12.00
# Visual Studio Version 17
VisualStudioVersion = 17.14.36623.8
MinimumVisualStudioVersion = 10.0.40219.1
Project("{FAE04EC0-301F-11D3-BF4B-00C04F79EFBC}") = "Task1", "Task1\Task1.csproj", "{F4B76815-77FF-4743-9F64-2FA0FABC1B8D}"
EndProject
Project("{2150E333-8FDC-42A3-9474-1A3956D46DE8}") = "Solution Items", "Solution Items", "{8EC462FD-D22E-90A8-E5CE-7E832BA40C5D}"
	ProjectSection(SolutionItems) = preProject
		.gitignore = .gitignore
	EndProjectSection
EndProject
Project("{FAE04EC0-301F-11D3-BF4B-00C04F79EFBC}") = "Task 2", "Task 2\Task 2.csproj", "{5F8B270E-8254-46EB-9CE1-47829EFF7786}"
EndProject
Project("{FAE04EC0-301F-11D3-BF4B-00C04F79EFBC}") = "Task 3", "Task 3\Task 3.csproj", "{3A0BEB4A-843B-4C6F-AB01-DEC1622EBEC8}"
EndProject
Project("{FAE04EC0-301F-11D3-BF4B-00C04F79EFBC}") = "Task 4", "Task 4\Task 4.csproj", "{3115FEC3-8402-47D5-BEBF-4959019CD3E4}"
EndProject
Project("{FAE04EC0-301F-11D3-BF4B-00C04F79EFBC}") = "Task 5", "Task 5\Task 5.csproj", "{8302AC53-4130-4721-BFFA-F6C97BA78706}"
EndProject
Global
	GlobalSection(SolutionConfigurationPlatforms) = preSolution
		Debug|Any CPU = Debug|Any CPU
		Release|Any CPU = Release|Any CPU
	EndGlobalSection
	GlobalSection(ProjectConfigurationPlatforms) = postSolution
		{F4B76815-77FF-4743-9F64-2FA0FABC1B8D}.Debug|Any CPU.ActiveCfg = Debug|Any CPU
		{F4B76815-77FF-4743-9F64-2FA0FABC1B8D}.Debug|Any CPU.Build.0 = Debug|Any CPU
		{F4B76815-77FF-4743-9F64-2FA0FABC1B8D}.Release|Any CPU.ActiveCfg = Release|Any CPU
		{F4B76815-77FF-4743-9F64-2FA0FABC1B8D}.Release|Any CPU.Build.0 = Release|Any CPU
		{5F8B270E-8254-46EB-9CE1-47829EFF7786}.Debug|Any CPU.ActiveCfg = Debug|Any CPU
		{5F8B270E-8254-46EB-9CE1-47829EFF7786}.Debug|Any CPU.Build.0 = Debug|Any CPU
		{5F8B270E-8254-46EB-9CE1-47829EFF7786}.Release|Any CPU.ActiveCfg = Release|Any CPU
		{5F8B270E-8254-46EB-9CE1-47829EFF7786}.Release|Any CPU.Build.0 = Release|Any CPU
		{3A0BEB4A-843B-4C6F-AB01-DEC1622EBEC8}.Debug|Any CPU.ActiveCfg = Debug|Any CPU
		{3A0BEB4A-843B-4C6F-AB01-DEC1622EBEC8}.Debug|Any CPU.Build.0 = Debug|Any CPU
		{3A0BEB4A-843B-4C6F-AB01-DEC1622EBEC8}.Release|Any CPU.ActiveCfg = Release|Any CPU
		{3A0BEB4A-843B-4C6F-AB01-DEC1622EBEC8}.Release|Any CPU.Build.0 = Release|Any CPU
		{3115FEC3-8402-47D5-BEBF-4959019CD3E4}.Debug|Any CPU.ActiveCfg = Debug|Any CPU
		{3115FEC3-8402-47D5-BEBF-4959019CD3E4}.Debug|Any CPU.Build.0 = Debug|Any CPU
		{3115FEC3-8402-47D5-BEBF-4959019CD3E4}.Release|Any CPU.ActiveCfg = Release|Any CPU
		{3115FEC3-8402-47D5-BEBF-4959019CD3E4}.Release|Any CPU.Build.0 = Release|Any CPU
		{8302AC53-4130-4721-BFFA-F6C97BA78706}.Debug|Any CPU.ActiveCfg = Debug|Any CPU
		{8302AC53-4130-4721-BFFA-F6C97BA78706}.Debug|Any CPU.Build.0 = Debug|Any CPU
		{8302AC53-4130-4721-BFFA-F6C97BA78706}.Release|Any CPU.ActiveCfg = Release|Any CPU
		{8302AC53-4130-4721-BFFA-F6C97BA78706}.Release|Any CPU.Build.0 = Release|Any CPU
	EndGlobalSection
	GlobalSection(SolutionProperties) = preSolution
		HideSolutionNode = FALSE
	EndGlobalSection
	GlobalSection(ExtensibilityGlobals) = postSolution
		SolutionGuid = {D76DDB6A-CC4D-4B9B-BBF7-C488B85CB98A}
	EndGlobalSection
EndGlobal
